
Microsoft Visual Studio Solution File, Format Version 12.00
# Visual Studio Version 17
VisualStudioVersion = 17.13.35825.156 d17.13
MinimumVisualStudioVersion = 10.0.40219.1
Project("{FAE04EC0-301F-11D3-BF4B-00C04F79EFBC}") = "User_Management_with_login_Register", "User_Management_with_login_Register\User_Management_with_login_Register.csproj", "{E5E7BCB4-CB9C-4945-9CE8-2FC3E59B8BC1}"
EndProject
Global
	GlobalSection(SolutionConfigurationPlatforms) = preSolution
		Debug|Any CPU = Debug|Any CPU
		Release|Any CPU = Release|Any CPU
	EndGlobalSection
	GlobalSection(ProjectConfigurationPlatforms) = postSolution
		{E5E7BCB4-CB9C-4945-9CE8-2FC3E59B8BC1}.Debug|Any CPU.ActiveCfg = Debug|Any CPU
		{E5E7BCB4-CB9C-4945-9CE8-2FC3E59B8BC1}.Debug|Any CPU.Build.0 = Debug|Any CPU
		{E5E7BCB4-CB9C-4945-9CE8-2FC3E59B8BC1}.Release|Any CPU.ActiveCfg = Release|Any CPU
		{E5E7BCB4-CB9C-4945-9CE8-2FC3E59B8BC1}.Release|Any CPU.Build.0 = Release|Any CPU
	EndGlobalSection
	GlobalSection(SolutionProperties) = preSolution
		HideSolutionNode = FALSE
	EndGlobalSection
	GlobalSection(ExtensibilityGlobals) = postSolution
		SolutionGuid = {F405B183-27CB-43F9-B95F-5198B62FB8A9}
	EndGlobalSection
EndGlobal
